
Microsoft Visual Studio Solution File, Format Version 12.00
# Visual Studio Version 17
VisualStudioVersion = 17.0.31912.275
MinimumVisualStudioVersion = 10.0.40219.1
Project("{FAE04EC0-301F-11D3-BF4B-00C04F79EFBC}") = "MTGParser", "MTGParser.csproj", "{336B1A87-9829-4864-86E5-B74DDCC5ACF5}"
EndProject
Global
	GlobalSection(SolutionConfigurationPlatforms) = preSolution
		Debug|Any CPU = Debug|Any CPU
		Release|Any CPU = Release|Any CPU
	EndGlobalSection
	GlobalSection(ProjectConfigurationPlatforms) = postSolution
		{336B1A87-9829-4864-86E5-B74DDCC5ACF5}.Debug|Any CPU.ActiveCfg = Debug|Any CPU
		{336B1A87-9829-4864-86E5-B74DDCC5ACF5}.Debug|Any CPU.Build.0 = Debug|Any CPU
		{336B1A87-9829-4864-86E5-B74DDCC5ACF5}.Release|Any CPU.ActiveCfg = Release|Any CPU
		{336B1A87-9829-4864-86E5-B74DDCC5ACF5}.Release|Any CPU.Build.0 = Release|Any CPU
	EndGlobalSection
	GlobalSection(SolutionProperties) = preSolution
		HideSolutionNode = FALSE
	EndGlobalSection
	GlobalSection(ExtensibilityGlobals) = postSolution
		SolutionGuid = {1841A95E-3A6B-4ADC-980B-FAF752BD751F}
	EndGlobalSection
EndGlobal
